
Microsoft Visual Studio Solution File, Format Version 12.00
# Visual Studio Version 17
VisualStudioVersion = 17.0.31919.166
MinimumVisualStudioVersion = 10.0.40219.1
Project("{9A19103F-16F7-4668-BE54-9A1E7A4F7556}") = "KampIntro202206", "KampIntro202206\KampIntro202206.csproj", "{5057A950-DE68-43AE-A866-0726F9A96668}"
EndProject
Project("{9A19103F-16F7-4668-BE54-9A1E7A4F7556}") = "Loops", "Loops\Loops.csproj", "{1842D6DA-AEB4-4B86-A45C-9B7C38957D4E}"
EndProject
Project("{9A19103F-16F7-4668-BE54-9A1E7A4F7556}") = "ClassIntro", "ClassIntro\ClassIntro.csproj", "{2619D2A2-FA7C-4FE4-A903-EBA0C781D37B}"
EndProject
Project("{9A19103F-16F7-4668-BE54-9A1E7A4F7556}") = "Ders2Odev6", "Ders2Odev6\Ders2Odev6.csproj", "{A79DBF32-C2F3-42D3-B427-3662568078BE}"
EndProject
Project("{9A19103F-16F7-4668-BE54-9A1E7A4F7556}") = "Metotlar", "Metotlar\Metotlar.csproj", "{88191E2B-071B-4C95-B54E-3AFCF34FDC2F}"
EndProject
Project("{9A19103F-16F7-4668-BE54-9A1E7A4F7556}") = "Matematik", "Matematik\Matematik.csproj", "{797B8570-A887-4A72-B583-49BC881070EF}"
EndProject
Project("{9A19103F-16F7-4668-BE54-9A1E7A4F7556}") = "DegerVeReferansTipler", "DegerVeReferansTipler\DegerVeReferansTipler.csproj", "{D5A6C69C-0463-40C2-82F2-46724ABFCD1C}"
EndProject
Project("{9A19103F-16F7-4668-BE54-9A1E7A4F7556}") = "OOP1", "OOP1\OOP1.csproj", "{62110AD8-D6B6-4E76-8798-C5281630A728}"
EndProject
Project("{9A19103F-16F7-4668-BE54-9A1E7A4F7556}") = "Koleksiyonlar", "Koleksiyonlar\Koleksiyonlar.csproj", "{A1A06992-E733-43F6-8F63-33B7837E823C}"
EndProject
Project("{9A19103F-16F7-4668-BE54-9A1E7A4F7556}") = "GenericsIntro", "GenericsIntro\GenericsIntro.csproj", "{74345199-3641-4E54-91AA-88E6E419F08F}"
EndProject
Project("{9A19103F-16F7-4668-BE54-9A1E7A4F7556}") = "ClassMetotDemo1", "ClassMetotDemo1\ClassMetotDemo1.csproj", "{39EB17B3-5DF4-4E24-B4EE-89E1C3CAE728}"
EndProject
Project("{9A19103F-16F7-4668-BE54-9A1E7A4F7556}") = "ClassIntro2", "ClassIntro2\ClassIntro2.csproj", "{C9D85C0F-F320-4D6E-93C0-5A0FC6AC0CFD}"
EndProject
Project("{9A19103F-16F7-4668-BE54-9A1E7A4F7556}") = "bosKullan", "bosKullan\bosKullan.csproj", "{6FF90074-E4AB-45B1-9C72-8845A5FD5234}"
EndProject
Project("{9A19103F-16F7-4668-BE54-9A1E7A4F7556}") = "Metotlar3", "Metotlar3\Metotlar3.csproj", "{3AF41988-82FE-45DA-99BA-C65C2F6E9F8E}"
EndProject
Project("{9A19103F-16F7-4668-BE54-9A1E7A4F7556}") = "Matematik2", "Matematik2\Matematik2.csproj", "{B666FE3A-E33F-4A35-8F7A-0F48D42BC40B}"
EndProject
Project("{9A19103F-16F7-4668-BE54-9A1E7A4F7556}") = "DegerVeReferansTipler2", "DegerVeReferansTipler2\DegerVeReferansTipler2.csproj", "{C6D86993-0828-48B2-9668-F0EA7193C606}"
EndProject
Project("{FAE04EC0-301F-11D3-BF4B-00C04F79EFBC}") = "ClassMetotDemo2", "ClassMetotDemo2\ClassMetotDemo2.csproj", "{E58DF220-5623-4601-9BDE-34BCE5E19D3A}"
EndProject
Global
	GlobalSection(SolutionConfigurationPlatforms) = preSolution
		Debug|Any CPU = Debug|Any CPU
		Release|Any CPU = Release|Any CPU
	EndGlobalSection
	GlobalSection(ProjectConfigurationPlatforms) = postSolution
		{5057A950-DE68-43AE-A866-0726F9A96668}.Debug|Any CPU.ActiveCfg = Debug|Any CPU
		{5057A950-DE68-43AE-A866-0726F9A96668}.Debug|Any CPU.Build.0 = Debug|Any CPU
		{5057A950-DE68-43AE-A866-0726F9A96668}.Release|Any CPU.ActiveCfg = Release|Any CPU
		{5057A950-DE68-43AE-A866-0726F9A96668}.Release|Any CPU.Build.0 = Release|Any CPU
		{1842D6DA-AEB4-4B86-A45C-9B7C38957D4E}.Debug|Any CPU.ActiveCfg = Debug|Any CPU
		{1842D6DA-AEB4-4B86-A45C-9B7C38957D4E}.Debug|Any CPU.Build.0 = Debug|Any CPU
		{1842D6DA-AEB4-4B86-A45C-9B7C38957D4E}.Release|Any CPU.ActiveCfg = Release|Any CPU
		{1842D6DA-AEB4-4B86-A45C-9B7C38957D4E}.Release|Any CPU.Build.0 = Release|Any CPU
		{2619D2A2-FA7C-4FE4-A903-EBA0C781D37B}.Debug|Any CPU.ActiveCfg = Debug|Any CPU
		{2619D2A2-FA7C-4FE4-A903-EBA0C781D37B}.Debug|Any CPU.Build.0 = Debug|Any CPU
		{2619D2A2-FA7C-4FE4-A903-EBA0C781D37B}.Release|Any CPU.ActiveCfg = Release|Any CPU
		{2619D2A2-FA7C-4FE4-A903-EBA0C781D37B}.Release|Any CPU.Build.0 = Release|Any CPU
		{A79DBF32-C2F3-42D3-B427-3662568078BE}.Debug|Any CPU.ActiveCfg = Debug|Any CPU
		{A79DBF32-C2F3-42D3-B427-3662568078BE}.Debug|Any CPU.Build.0 = Debug|Any CPU
		{A79DBF32-C2F3-42D3-B427-3662568078BE}.Release|Any CPU.ActiveCfg = Release|Any CPU
		{A79DBF32-C2F3-42D3-B427-3662568078BE}.Release|Any CPU.Build.0 = Release|Any CPU
		{88191E2B-071B-4C95-B54E-3AFCF34FDC2F}.Debug|Any CPU.ActiveCfg = Debug|Any CPU
		{88191E2B-071B-4C95-B54E-3AFCF34FDC2F}.Debug|Any CPU.Build.0 = Debug|Any CPU
		{88191E2B-071B-4C95-B54E-3AFCF34FDC2F}.Release|Any CPU.ActiveCfg = Release|Any CPU
		{88191E2B-071B-4C95-B54E-3AFCF34FDC2F}.Release|Any CPU.Build.0 = Release|Any CPU
		{797B8570-A887-4A72-B583-49BC881070EF}.Debug|Any CPU.ActiveCfg = Debug|Any CPU
		{797B8570-A887-4A72-B583-49BC881070EF}.Debug|Any CPU.Build.0 = Debug|Any CPU
		{797B8570-A887-4A72-B583-49BC881070EF}.Release|Any CPU.ActiveCfg = Release|Any CPU
		{797B8570-A887-4A72-B583-49BC881070EF}.Release|Any CPU.Build.0 = Release|Any CPU
		{D5A6C69C-0463-40C2-82F2-46724ABFCD1C}.Debug|Any CPU.ActiveCfg = Debug|Any CPU
		{D5A6C69C-0463-40C2-82F2-46724ABFCD1C}.Debug|Any CPU.Build.0 = Debug|Any CPU
		{D5A6C69C-0463-40C2-82F2-46724ABFCD1C}.Release|Any CPU.ActiveCfg = Release|Any CPU
		{D5A6C69C-0463-40C2-82F2-46724ABFCD1C}.Release|Any CPU.Build.0 = Release|Any CPU
		{62110AD8-D6B6-4E76-8798-C5281630A728}.Debug|Any CPU.ActiveCfg = Debug|Any CPU
		{62110AD8-D6B6-4E76-8798-C5281630A728}.Debug|Any CPU.Build.0 = Debug|Any CPU
		{62110AD8-D6B6-4E76-8798-C5281630A728}.Release|Any CPU.ActiveCfg = Release|Any CPU
		{62110AD8-D6B6-4E76-8798-C5281630A728}.Release|Any CPU.Build.0 = Release|Any CPU
		{A1A06992-E733-43F6-8F63-33B7837E823C}.Debug|Any CPU.ActiveCfg = Debug|Any CPU
		{A1A06992-E733-43F6-8F63-33B7837E823C}.Debug|Any CPU.Build.0 = Debug|Any CPU
		{A1A06992-E733-43F6-8F63-33B7837E823C}.Release|Any CPU.ActiveCfg = Release|Any CPU
		{A1A06992-E733-43F6-8F63-33B7837E823C}.Release|Any CPU.Build.0 = Release|Any CPU
		{74345199-3641-4E54-91AA-88E6E419F08F}.Debug|Any CPU.ActiveCfg = Debug|Any CPU
		{74345199-3641-4E54-91AA-88E6E419F08F}.Debug|Any CPU.Build.0 = Debug|Any CPU
		{74345199-3641-4E54-91AA-88E6E419F08F}.Release|Any CPU.ActiveCfg = Release|Any CPU
		{74345199-3641-4E54-91AA-88E6E419F08F}.Release|Any CPU.Build.0 = Release|Any CPU
		{39EB17B3-5DF4-4E24-B4EE-89E1C3CAE728}.Debug|Any CPU.ActiveCfg = Debug|Any CPU
		{39EB17B3-5DF4-4E24-B4EE-89E1C3CAE728}.Debug|Any CPU.Build.0 = Debug|Any CPU
		{39EB17B3-5DF4-4E24-B4EE-89E1C3CAE728}.Release|Any CPU.ActiveCfg = Release|Any CPU
		{39EB17B3-5DF4-4E24-B4EE-89E1C3CAE728}.Release|Any CPU.Build.0 = Release|Any CPU
		{C9D85C0F-F320-4D6E-93C0-5A0FC6AC0CFD}.Debug|Any CPU.ActiveCfg = Debug|Any CPU
		{C9D85C0F-F320-4D6E-93C0-5A0FC6AC0CFD}.Debug|Any CPU.Build.0 = Debug|Any CPU
		{C9D85C0F-F320-4D6E-93C0-5A0FC6AC0CFD}.Release|Any CPU.ActiveCfg = Release|Any CPU
		{C9D85C0F-F320-4D6E-93C0-5A0FC6AC0CFD}.Release|Any CPU.Build.0 = Release|Any CPU
		{6FF90074-E4AB-45B1-9C72-8845A5FD5234}.Debug|Any CPU.ActiveCfg = Debug|Any CPU
		{6FF90074-E4AB-45B1-9C72-8845A5FD5234}.Debug|Any CPU.Build.0 = Debug|Any CPU
		{6FF90074-E4AB-45B1-9C72-8845A5FD5234}.Release|Any CPU.ActiveCfg = Release|Any CPU
		{6FF90074-E4AB-45B1-9C72-8845A5FD5234}.Release|Any CPU.Build.0 = Release|Any CPU
		{3AF41988-82FE-45DA-99BA-C65C2F6E9F8E}.Debug|Any CPU.ActiveCfg = Debug|Any CPU
		{3AF41988-82FE-45DA-99BA-C65C2F6E9F8E}.Debug|Any CPU.Build.0 = Debug|Any CPU
		{3AF41988-82FE-45DA-99BA-C65C2F6E9F8E}.Release|Any CPU.ActiveCfg = Release|Any CPU
		{3AF41988-82FE-45DA-99BA-C65C2F6E9F8E}.Release|Any CPU.Build.0 = Release|Any CPU
		{B666FE3A-E33F-4A35-8F7A-0F48D42BC40B}.Debug|Any CPU.ActiveCfg = Debug|Any CPU
		{B666FE3A-E33F-4A35-8F7A-0F48D42BC40B}.Debug|Any CPU.Build.0 = Debug|Any CPU
		{B666FE3A-E33F-4A35-8F7A-0F48D42BC40B}.Release|Any CPU.ActiveCfg = Release|Any CPU
		{B666FE3A-E33F-4A35-8F7A-0F48D42BC40B}.Release|Any CPU.Build.0 = Release|Any CPU
		{C6D86993-0828-48B2-9668-F0EA7193C606}.Debug|Any CPU.ActiveCfg = Debug|Any CPU
		{C6D86993-0828-48B2-9668-F0EA7193C606}.Debug|Any CPU.Build.0 = Debug|Any CPU
		{C6D86993-0828-48B2-9668-F0EA7193C606}.Release|Any CPU.ActiveCfg = Release|Any CPU
		{C6D86993-0828-48B2-9668-F0EA7193C606}.Release|Any CPU.Build.0 = Release|Any CPU
		{E58DF220-5623-4601-9BDE-34BCE5E19D3A}.Debug|Any CPU.ActiveCfg = Debug|Any CPU
		{E58DF220-5623-4601-9BDE-34BCE5E19D3A}.Debug|Any CPU.Build.0 = Debug|Any CPU
		{E58DF220-5623-4601-9BDE-34BCE5E19D3A}.Release|Any CPU.ActiveCfg = Release|Any CPU
		{E58DF220-5623-4601-9BDE-34BCE5E19D3A}.Release|Any CPU.Build.0 = Release|Any CPU
	EndGlobalSection
	GlobalSection(SolutionProperties) = preSolution
		HideSolutionNode = FALSE
	EndGlobalSection
	GlobalSection(ExtensibilityGlobals) = postSolution
		SolutionGuid = {3870AB9F-0B68-4D6C-9A1C-164755E08845}
	EndGlobalSection
EndGlobal
