
Microsoft Visual Studio Solution File, Format Version 12.00
# Visual Studio Version 16
VisualStudioVersion = 16.0.31911.196
MinimumVisualStudioVersion = 10.0.40219.1
Project("{9A19103F-16F7-4668-BE54-9A1E7A4F7556}") = "KampIntro202206", "KampIntro202206\KampIntro202206.csproj", "{5057A950-DE68-43AE-A866-0726F9A96668}"
EndProject
Project("{9A19103F-16F7-4668-BE54-9A1E7A4F7556}") = "Loops", "Loops\Loops.csproj", "{1842D6DA-AEB4-4B86-A45C-9B7C38957D4E}"
EndProject
Project("{9A19103F-16F7-4668-BE54-9A1E7A4F7556}") = "ClassIntro", "ClassIntro\ClassIntro.csproj", "{2619D2A2-FA7C-4FE4-A903-EBA0C781D37B}"
EndProject
Project("{9A19103F-16F7-4668-BE54-9A1E7A4F7556}") = "Ders2Odev6", "Ders2Odev6\Ders2Odev6.csproj", "{A79DBF32-C2F3-42D3-B427-3662568078BE}"
EndProject
Project("{9A19103F-16F7-4668-BE54-9A1E7A4F7556}") = "Metotlar", "Metotlar\Metotlar.csproj", "{88191E2B-071B-4C95-B54E-3AFCF34FDC2F}"
EndProject
Project("{9A19103F-16F7-4668-BE54-9A1E7A4F7556}") = "Matematik", "Matematik\Matematik.csproj", "{797B8570-A887-4A72-B583-49BC881070EF}"
EndProject
Project("{9A19103F-16F7-4668-BE54-9A1E7A4F7556}") = "DegerVeReferansTipler", "DegerVeReferansTipler\DegerVeReferansTipler.csproj", "{D5A6C69C-0463-40C2-82F2-46724ABFCD1C}"
EndProject
Project("{9A19103F-16F7-4668-BE54-9A1E7A4F7556}") = "OOP1", "OOP1\OOP1.csproj", "{62110AD8-D6B6-4E76-8798-C5281630A728}"
EndProject
Project("{9A19103F-16F7-4668-BE54-9A1E7A4F7556}") = "Koleksiyonlar", "Koleksiyonlar\Koleksiyonlar.csproj", "{A1A06992-E733-43F6-8F63-33B7837E823C}"
EndProject
Project("{FAE04EC0-301F-11D3-BF4B-00C04F79EFBC}") = "GenericsIntro", "GenericsIntro\GenericsIntro.csproj", "{74345199-3641-4E54-91AA-88E6E419F08F}"
EndProject
Global
	GlobalSection(SolutionConfigurationPlatforms) = preSolution
		Debug|Any CPU = Debug|Any CPU
		Release|Any CPU = Release|Any CPU
	EndGlobalSection
	GlobalSection(ProjectConfigurationPlatforms) = postSolution
		{5057A950-DE68-43AE-A866-0726F9A96668}.Debug|Any CPU.ActiveCfg = Debug|Any CPU
		{5057A950-DE68-43AE-A866-0726F9A96668}.Debug|Any CPU.Build.0 = Debug|Any CPU
		{5057A950-DE68-43AE-A866-0726F9A96668}.Release|Any CPU.ActiveCfg = Release|Any CPU
		{5057A950-DE68-43AE-A866-0726F9A96668}.Release|Any CPU.Build.0 = Release|Any CPU
		{1842D6DA-AEB4-4B86-A45C-9B7C38957D4E}.Debug|Any CPU.ActiveCfg = Debug|Any CPU
		{1842D6DA-AEB4-4B86-A45C-9B7C38957D4E}.Debug|Any CPU.Build.0 = Debug|Any CPU
		{1842D6DA-AEB4-4B86-A45C-9B7C38957D4E}.Release|Any CPU.ActiveCfg = Release|Any CPU
		{1842D6DA-AEB4-4B86-A45C-9B7C38957D4E}.Release|Any CPU.Build.0 = Release|Any CPU
		{2619D2A2-FA7C-4FE4-A903-EBA0C781D37B}.Debug|Any CPU.ActiveCfg = Debug|Any CPU
		{2619D2A2-FA7C-4FE4-A903-EBA0C781D37B}.Debug|Any CPU.Build.0 = Debug|Any CPU
		{2619D2A2-FA7C-4FE4-A903-EBA0C781D37B}.Release|Any CPU.ActiveCfg = Release|Any CPU
		{2619D2A2-FA7C-4FE4-A903-EBA0C781D37B}.Release|Any CPU.Build.0 = Release|Any CPU
		{A79DBF32-C2F3-42D3-B427-3662568078BE}.Debug|Any CPU.ActiveCfg = Debug|Any CPU
		{A79DBF32-C2F3-42D3-B427-3662568078BE}.Debug|Any CPU.Build.0 = Debug|Any CPU
		{A79DBF32-C2F3-42D3-B427-3662568078BE}.Release|Any CPU.ActiveCfg = Release|Any CPU
		{A79DBF32-C2F3-42D3-B427-3662568078BE}.Release|Any CPU.Build.0 = Release|Any CPU
		{88191E2B-071B-4C95-B54E-3AFCF34FDC2F}.Debug|Any CPU.ActiveCfg = Debug|Any CPU
		{88191E2B-071B-4C95-B54E-3AFCF34FDC2F}.Debug|Any CPU.Build.0 = Debug|Any CPU
		{88191E2B-071B-4C95-B54E-3AFCF34FDC2F}.Release|Any CPU.ActiveCfg = Release|Any CPU
		{88191E2B-071B-4C95-B54E-3AFCF34FDC2F}.Release|Any CPU.Build.0 = Release|Any CPU
		{797B8570-A887-4A72-B583-49BC881070EF}.Debug|Any CPU.ActiveCfg = Debug|Any CPU
		{797B8570-A887-4A72-B583-49BC881070EF}.Debug|Any CPU.Build.0 = Debug|Any CPU
		{797B8570-A887-4A72-B583-49BC881070EF}.Release|Any CPU.ActiveCfg = Release|Any CPU
		{797B8570-A887-4A72-B583-49BC881070EF}.Release|Any CPU.Build.0 = Release|Any CPU
		{D5A6C69C-0463-40C2-82F2-46724ABFCD1C}.Debug|Any CPU.ActiveCfg = Debug|Any CPU
		{D5A6C69C-0463-40C2-82F2-46724ABFCD1C}.Debug|Any CPU.Build.0 = Debug|Any CPU
		{D5A6C69C-0463-40C2-82F2-46724ABFCD1C}.Release|Any CPU.ActiveCfg = Release|Any CPU
		{D5A6C69C-0463-40C2-82F2-46724ABFCD1C}.Release|Any CPU.Build.0 = Release|Any CPU
		{62110AD8-D6B6-4E76-8798-C5281630A728}.Debug|Any CPU.ActiveCfg = Debug|Any CPU
		{62110AD8-D6B6-4E76-8798-C5281630A728}.Debug|Any CPU.Build.0 = Debug|Any CPU
		{62110AD8-D6B6-4E76-8798-C5281630A728}.Release|Any CPU.ActiveCfg = Release|Any CPU
		{62110AD8-D6B6-4E76-8798-C5281630A728}.Release|Any CPU.Build.0 = Release|Any CPU
		{A1A06992-E733-43F6-8F63-33B7837E823C}.Debug|Any CPU.ActiveCfg = Debug|Any CPU
		{A1A06992-E733-43F6-8F63-33B7837E823C}.Debug|Any CPU.Build.0 = Debug|Any CPU
		{A1A06992-E733-43F6-8F63-33B7837E823C}.Release|Any CPU.ActiveCfg = Release|Any CPU
		{A1A06992-E733-43F6-8F63-33B7837E823C}.Release|Any CPU.Build.0 = Release|Any CPU
		{74345199-3641-4E54-91AA-88E6E419F08F}.Debug|Any CPU.ActiveCfg = Debug|Any CPU
		{74345199-3641-4E54-91AA-88E6E419F08F}.Debug|Any CPU.Build.0 = Debug|Any CPU
		{74345199-3641-4E54-91AA-88E6E419F08F}.Release|Any CPU.ActiveCfg = Release|Any CPU
		{74345199-3641-4E54-91AA-88E6E419F08F}.Release|Any CPU.Build.0 = Release|Any CPU
	EndGlobalSection
	GlobalSection(SolutionProperties) = preSolution
		HideSolutionNode = FALSE
	EndGlobalSection
	GlobalSection(ExtensibilityGlobals) = postSolution
		SolutionGuid = {3870AB9F-0B68-4D6C-9A1C-164755E08845}
	EndGlobalSection
EndGlobal
